{
  "requires": true,
  "lockfileVersion": 1,
  "dependencies": {
    "@angular/platform-browser": {
      "version": "16.0.2",
      "resolved": "https://registry.npmjs.org/@angular/platform-browser/-/platform-browser-16.0.2.tgz",
      "integrity": "sha512-sGGUBnKGY6T9MLfD25wr83agYObNnF6GhuSDwKqf9m0QUuV3yeer3ZVnBAI4fjnDv/bi8w5qdisnK2+X0N+Tfg==",
      "requires": {
        "tslib": "^2.3.0"
      }
    },
    "tslib": {
      "version": "2.5.2",
      "resolved": "https://registry.npmjs.org/tslib/-/tslib-2.5.2.tgz",
      "integrity": "sha512-5svOrSA2w3iGFDs1HibEVBGbDrAY82bFQ3HZ3ixB+88nsbsWQoKqDRb5UBYAUPEzbBn6dAp5gRNXglySbx1MlA=="
    }
  }
}
