{
  "requires": true,
  "lockfileVersion": 1,
  "dependencies": {
    "ngx-toastr": {
      "version": "17.0.2",
      "resolved": "https://registry.npmjs.org/ngx-toastr/-/ngx-toastr-17.0.2.tgz",
      "integrity": "sha512-KehiPx6bkbiUyJbabf0ZA04+ASumS8r/y4wPsUOMI9OrBvBcfq27UQmWuQKoVR8E+9y4Pq7eZkSg2kvxNvpxTA==",
      "requires": {
        "tslib": "^2.3.0"
      }
    },
    "tslib": {
      "version": "2.5.2",
      "resolved": "https://registry.npmjs.org/tslib/-/tslib-2.5.2.tgz",
      "integrity": "sha512-5svOrSA2w3iGFDs1HibEVBGbDrAY82bFQ3HZ3ixB+88nsbsWQoKqDRb5UBYAUPEzbBn6dAp5gRNXglySbx1MlA=="
    }
  }
}
